
Microsoft Visual Studio Solution File, Format Version 12.00
# Visual Studio Version 16
VisualStudioVersion = 16.0.31624.102
MinimumVisualStudioVersion = 10.0.40219.1
Project("{FAE04EC0-301F-11D3-BF4B-00C04F79EFBC}") = "ConsoleApp20", "ConsoleApp20\ConsoleApp20.csproj", "{AB463D74-85A0-4849-AE06-3B0B64BC5D2C}"
EndProject
Global
	GlobalSection(SolutionConfigurationPlatforms) = preSolution
		Debug|Any CPU = Debug|Any CPU
		Release|Any CPU = Release|Any CPU
	EndGlobalSection
	GlobalSection(ProjectConfigurationPlatforms) = postSolution
		{AB463D74-85A0-4849-AE06-3B0B64BC5D2C}.Debug|Any CPU.ActiveCfg = Debug|Any CPU
		{AB463D74-85A0-4849-AE06-3B0B64BC5D2C}.Debug|Any CPU.Build.0 = Debug|Any CPU
		{AB463D74-85A0-4849-AE06-3B0B64BC5D2C}.Release|Any CPU.ActiveCfg = Release|Any CPU
		{AB463D74-85A0-4849-AE06-3B0B64BC5D2C}.Release|Any CPU.Build.0 = Release|Any CPU
	EndGlobalSection
	GlobalSection(SolutionProperties) = preSolution
		HideSolutionNode = FALSE
	EndGlobalSection
	GlobalSection(ExtensibilityGlobals) = postSolution
		SolutionGuid = {F7DF9C41-6345-4E36-9B31-1E2B3F947AA8}
	EndGlobalSection
EndGlobal
